
Microsoft Visual Studio Solution File, Format Version 12.00
# Visual Studio Version 17
VisualStudioVersion = 17.2.32630.192
MinimumVisualStudioVersion = 10.0.40219.1
Project("{FAE04EC0-301F-11D3-BF4B-00C04F79EFBC}") = "MiXGen", "MiXGen\MiXGen.csproj", "{69761A91-9893-4688-B80B-A2559A466B69}"
EndProject
Global
	GlobalSection(SolutionConfigurationPlatforms) = preSolution
		Debug|Any CPU = Debug|Any CPU
		Release|Any CPU = Release|Any CPU
	EndGlobalSection
	GlobalSection(ProjectConfigurationPlatforms) = postSolution
		{69761A91-9893-4688-B80B-A2559A466B69}.Debug|Any CPU.ActiveCfg = Debug|Any CPU
		{69761A91-9893-4688-B80B-A2559A466B69}.Debug|Any CPU.Build.0 = Debug|Any CPU
		{69761A91-9893-4688-B80B-A2559A466B69}.Release|Any CPU.ActiveCfg = Release|Any CPU
		{69761A91-9893-4688-B80B-A2559A466B69}.Release|Any CPU.Build.0 = Release|Any CPU
	EndGlobalSection
	GlobalSection(SolutionProperties) = preSolution
		HideSolutionNode = FALSE
	EndGlobalSection
	GlobalSection(ExtensibilityGlobals) = postSolution
		SolutionGuid = {4F8DC9E9-FE48-43F4-A64B-3EB5E18DFA70}
	EndGlobalSection
EndGlobal
